// !$*UTF8*$!
{
	archiveVersion = 1;
	classes = {
	};
	objectVersion = 46;
	objects = {

/* Begin PBXBuildFile section */
		207F7B671BDF6028005B5F9B /* main.m in Sources */ = {isa = PBXBuildFile; fileRef = 207F7B661BDF6028005B5F9B /* main.m */; };
		207F7B6A1BDF6028005B5F9B /* AppDelegate.m in Sources */ = {isa = PBXBuildFile; fileRef = 207F7B691BDF6028005B5F9B /* AppDelegate.m */; };
		207F7B6D1BDF6028005B5F9B /* ViewController.m in Sources */ = {isa = PBXBuildFile; fileRef = 207F7B6C1BDF6028005B5F9B /* ViewController.m */; };
		207F7B701BDF6028005B5F9B /* Main.storyboard in Resources */ = {isa = PBXBuildFile; fileRef = 207F7B6E1BDF6028005B5F9B /* Main.storyboard */; };
		207F7B721BDF6028005B5F9B /* Images.xcassets in Resources */ = {isa = PBXBuildFile; fileRef = 207F7B711BDF6028005B5F9B /* Images.xcassets */; };
		207F7B751BDF6028005B5F9B /* LaunchScreen.xib in Resources */ = {isa = PBXBuildFile; fileRef = 207F7B731BDF6028005B5F9B /* LaunchScreen.xib */; };
		207F7B811BDF6028005B5F9B /* SearchDemoTests.m in Sources */ = {isa = PBXBuildFile; fileRef = 207F7B801BDF6028005B5F9B /* SearchDemoTests.m */; };
		207F7B8C1BDF6B33005B5F9B /* MainTableViewController.m in Sources */ = {isa = PBXBuildFile; fileRef = 207F7B8B1BDF6B33005B5F9B /* MainTableViewController.m */; };
/* End PBXBuildFile section */

/* Begin PBXContainerItemProxy section */
		207F7B7B1BDF6028005B5F9B /* PBXContainerItemProxy */ = {
			isa = PBXContainerItemProxy;
			containerPortal = 207F7B591BDF6028005B5F9B /* Project object */;
			proxyType = 1;
			remoteGlobalIDString = 207F7B601BDF6028005B5F9B;
			remoteInfo = SearchDemo;
		};
/* End PBXContainerItemProxy section */

/* Begin PBXFileReference section */
		207F7B611BDF6028005B5F9B /* SearchDemo.app */ = {isa = PBXFileReference; explicitFileType = wrapper.application; includeInIndex = 0; path = SearchDemo.app; sourceTree = BUILT_PRODUCTS_DIR; };
		207F7B651BDF6028005B5F9B /* Info.plist */ = {isa = PBXFileReference; lastKnownFileType = text.plist.xml; path = Info.plist; sourceTree = "<group>"; };
		207F7B661BDF6028005B5F9B /* main.m */ = {isa = PBXFileReference; lastKnownFileType = sourcecode.c.objc; path = main.m; sourceTree = "<group>"; };
		207F7B681BDF6028005B5F9B /* AppDelegate.h */ = {isa = PBXFileReference; lastKnownFileType = sourcecode.c.h; path = AppDelegate.h; sourceTree = "<group>"; };
		207F7B691BDF6028005B5F9B /* AppDelegate.m */ = {isa = PBXFileReference; lastKnownFileType = sourcecode.c.objc; path = AppDelegate.m; sourceTree = "<group>"; };
		207F7B6B1BDF6028005B5F9B /* ViewController.h */ = {isa = PBXFileReference; lastKnownFileType = sourcecode.c.h; path = ViewController.h; sourceTree = "<group>"; };
		207F7B6C1BDF6028005B5F9B /* ViewController.m */ = {isa = PBXFileReference; lastKnownFileType = sourcecode.c.objc; path = ViewController.m; sourceTree = "<group>"; };
		207F7B6F1BDF6028005B5F9B /* Base */ = {isa = PBXFileReference; lastKnownFileType = file.storyboard; name = Base; path = Base.lproj/Main.storyboard; sourceTree = "<group>"; };
		207F7B711BDF6028005B5F9B /* Images.xcassets */ = {isa = PBXFileReference; lastKnownFileType = folder.assetcatalog; path = Images.xcassets; sourceTree = "<group>"; };
		207F7B741BDF6028005B5F9B /* Base */ = {isa = PBXFileReference; lastKnownFileType = file.xib; name = Base; path = Base.lproj/LaunchScreen.xib; sourceTree = "<group>"; };
		207F7B7A1BDF6028005B5F9B /* SearchDemoTests.xctest */ = {isa = PBXFileReference; explicitFileType = wrapper.cfbundle; includeInIndex = 0; path = SearchDemoTests.xctest; sourceTree = BUILT_PRODUCTS_DIR; };
		207F7B7F1BDF6028005B5F9B /* Info.plist */ = {isa = PBXFileReference; lastKnownFileType = text.plist.xml; path = Info.plist; sourceTree = "<group>"; };
		207F7B801BDF6028005B5F9B /* SearchDemoTests.m */ = {isa = PBXFileReference; lastKnownFileType = sourcecode.c.objc; path = SearchDemoTests.m; sourceTree = "<group>"; };
		207F7B8A1BDF6B33005B5F9B /* MainTableViewController.h */ = {isa = PBXFileReference; fileEncoding = 4; lastKnownFileType = sourcecode.c.h; path = MainTableViewController.h; sourceTree = "<group>"; };
		207F7B8B1BDF6B33005B5F9B /* MainTableViewController.m */ = {isa = PBXFileReference; fileEncoding = 4; lastKnownFileType = sourcecode.c.objc; path = MainTableViewController.m; sourceTree = "<group>"; };
/* End PBXFileReference section */

/* Begin PBXFrameworksBuildPhase section */
		207F7B5E1BDF6028005B5F9B /* Frameworks */ = {
			isa = PBXFrameworksBuildPhase;
			buildActionMask = 2147483647;
			files = (
			);
			runOnlyForDeploymentPostprocessing = 0;
		};
		207F7B771BDF6028005B5F9B /* Frameworks */ = {
			isa = PBXFrameworksBuildPhase;
			buildActionMask = 2147483647;
			files = (
			);
			runOnlyForDeploymentPostprocessing = 0;
		};
/* End PBXFrameworksBuildPhase section */

/* Begin PBXGroup section */
		207F7B581BDF6028005B5F9B = {
			isa = PBXGroup;
			children = (
				207F7B631BDF6028005B5F9B /* SearchDemo */,
				207F7B7D1BDF6028005B5F9B /* SearchDemoTests */,
				207F7B621BDF6028005B5F9B /* Products */,
			);
			sourceTree = "<group>";
		};
		207F7B621BDF6028005B5F9B /* Products */ = {
			isa = PBXGroup;
			children = (
				207F7B611BDF6028005B5F9B /* SearchDemo.app */,
				207F7B7A1BDF6028005B5F9B /* SearchDemoTests.xctest */,
			);
			name = Products;
			sourceTree = "<group>";
		};
		207F7B631BDF6028005B5F9B /* SearchDemo */ = {
			isa = PBXGroup;
			children = (
				207F7B681BDF6028005B5F9B /* AppDelegate.h */,
				207F7B691BDF6028005B5F9B /* AppDelegate.m */,
				207F7B6B1BDF6028005B5F9B /* ViewController.h */,
				207F7B6C1BDF6028005B5F9B /* ViewController.m */,
				207F7B8A1BDF6B33005B5F9B /* MainTableViewController.h */,
				207F7B8B1BDF6B33005B5F9B /* MainTableViewController.m */,
				207F7B6E1BDF6028005B5F9B /* Main.storyboard */,
				207F7B711BDF6028005B5F9B /* Images.xcassets */,
				207F7B731BDF6028005B5F9B /* LaunchScreen.xib */,
				207F7B641BDF6028005B5F9B /* Supporting Files */,
			);
			path = SearchDemo;
			sourceTree = "<group>";
		};
		207F7B641BDF6028005B5F9B /* Supporting Files */ = {
			isa = PBXGroup;
			children = (
				207F7B651BDF6028005B5F9B /* Info.plist */,
				207F7B661BDF6028005B5F9B /* main.m */,
			);
			name = "Supporting Files";
			sourceTree = "<group>";
		};
		207F7B7D1BDF6028005B5F9B /* SearchDemoTests */ = {
			isa = PBXGroup;
			children = (
				207F7B801BDF6028005B5F9B /* SearchDemoTests.m */,
				207F7B7E1BDF6028005B5F9B /* Supporting Files */,
			);
			path = SearchDemoTests;
			sourceTree = "<group>";
		};
		207F7B7E1BDF6028005B5F9B /* Supporting Files */ = {
			isa = PBXGroup;
			children = (
				207F7B7F1BDF6028005B5F9B /* Info.plist */,
			);
			name = "Supporting Files";
			sourceTree = "<group>";
		};
/* End PBXGroup section */

/* Begin PBXNativeTarget section */
		207F7B601BDF6028005B5F9B /* SearchDemo */ = {
			isa = PBXNativeTarget;
			buildConfigurationList = 207F7B841BDF6028005B5F9B /* Build configuration list for PBXNativeTarget "SearchDemo" */;
			buildPhases = (
				207F7B5D1BDF6028005B5F9B /* Sources */,
				207F7B5E1BDF6028005B5F9B /* Frameworks */,
				207F7B5F1BDF6028005B5F9B /* Resources */,
			);
			buildRules = (
			);
			dependencies = (
			);
			name = SearchDemo;
			productName = SearchDemo;
			productReference = 207F7B611BDF6028005B5F9B /* SearchDemo.app */;
			productType = "com.apple.product-type.application";
		};
		207F7B791BDF6028005B5F9B /* SearchDemoTests */ = {
			isa = PBXNativeTarget;
			buildConfigurationList = 207F7B871BDF6028005B5F9B /* Build configuration list for PBXNativeTarget "SearchDemoTests" */;
			buildPhases = (
				207F7B761BDF6028005B5F9B /* Sources */,
				207F7B771BDF6028005B5F9B /* Frameworks */,
				207F7B781BDF6028005B5F9B /* Resources */,
			);
			buildRules = (
			);
			dependencies = (
				207F7B7C1BDF6028005B5F9B /* PBXTargetDependency */,
			);
			name = SearchDemoTests;
			productName = SearchDemoTests;
			productReference = 207F7B7A1BDF6028005B5F9B /* SearchDemoTests.xctest */;
			productType = "com.apple.product-type.bundle.unit-test";
		};
/* End PBXNativeTarget section */

/* Begin PBXProject section */
		207F7B591BDF6028005B5F9B /* Project object */ = {
			isa = PBXProject;
			attributes = {
				LastUpgradeCheck = 0640;
				ORGANIZATIONNAME = apple2;
				TargetAttributes = {
					207F7B601BDF6028005B5F9B = {
						CreatedOnToolsVersion = 6.4;
					};
					207F7B791BDF6028005B5F9B = {
						CreatedOnToolsVersion = 6.4;
						TestTargetID = 207F7B601BDF6028005B5F9B;
					};
				};
			};
			buildConfigurationList = 207F7B5C1BDF6028005B5F9B /* Build configuration list for PBXProject "SearchDemo" */;
			compatibilityVersion = "Xcode 3.2";
			developmentRegion = English;
			hasScannedForEncodings = 0;
			knownRegions = (
				en,
				Base,
			);
			mainGroup = 207F7B581BDF6028005B5F9B;
			productRefGroup = 207F7B621BDF6028005B5F9B /* Products */;
			projectDirPath = "";
			projectRoot = "";
			targets = (
				207F7B601BDF6028005B5F9B /* SearchDemo */,
				207F7B791BDF6028005B5F9B /* SearchDemoTests */,
			);
		};
/* End PBXProject section */

/* Begin PBXResourcesBuildPhase section */
		207F7B5F1BDF6028005B5F9B /* Resources */ = {
			isa = PBXResourcesBuildPhase;
			buildActionMask = 2147483647;
			files = (
				207F7B701BDF6028005B5F9B /* Main.storyboard in Resources */,
				207F7B751BDF6028005B5F9B /* LaunchScreen.xib in Resources */,
				207F7B721BDF6028005B5F9B /* Images.xcassets in Resources */,
			);
			runOnlyForDeploymentPostprocessing = 0;
		};
		207F7B781BDF6028005B5F9B /* Resources */ = {
			isa = PBXResourcesBuildPhase;
			buildActionMask = 2147483647;
			files = (
			);
			runOnlyForDeploymentPostprocessing = 0;
		};
/* End PBXResourcesBuildPhase section */

/* Begin PBXSourcesBuildPhase section */
		207F7B5D1BDF6028005B5F9B /* Sources */ = {
			isa = PBXSourcesBuildPhase;
			buildActionMask = 2147483647;
			files = (
				207F7B8C1BDF6B33005B5F9B /* MainTableViewController.m in Sources */,
				207F7B6D1BDF6028005B5F9B /* ViewController.m in Sources */,
				207F7B6A1BDF6028005B5F9B /* AppDelegate.m in Sources */,
				207F7B671BDF6028005B5F9B /* main.m in Sources */,
			);
			runOnlyForDeploymentPostprocessing = 0;
		};
		207F7B761BDF6028005B5F9B /* Sources */ = {
			isa = PBXSourcesBuildPhase;
			buildActionMask = 2147483647;
			files = (
				207F7B811BDF6028005B5F9B /* SearchDemoTests.m in Sources */,
			);
			runOnlyForDeploymentPostprocessing = 0;
		};
/* End PBXSourcesBuildPhase section */

/* Begin PBXTargetDependency section */
		207F7B7C1BDF6028005B5F9B /* PBXTargetDependency */ = {
			isa = PBXTargetDependency;
			target = 207F7B601BDF6028005B5F9B /* SearchDemo */;
			targetProxy = 207F7B7B1BDF6028005B5F9B /* PBXContainerItemProxy */;
		};
/* End PBXTargetDependency section */

/* Begin PBXVariantGroup section */
		207F7B6E1BDF6028005B5F9B /* Main.storyboard */ = {
			isa = PBXVariantGroup;
			children = (
				207F7B6F1BDF6028005B5F9B /* Base */,
			);
			name = Main.storyboard;
			sourceTree = "<group>";
		};
		207F7B731BDF6028005B5F9B /* LaunchScreen.xib */ = {
			isa = PBXVariantGroup;
			children = (
				207F7B741BDF6028005B5F9B /* Base */,
			);
			name = LaunchScreen.xib;
			sourceTree = "<group>";
		};
/* End PBXVariantGroup section */

/* Begin XCBuildConfiguration section */
		207F7B821BDF6028005B5F9B /* Debug */ = {
			isa = XCBuildConfiguration;
			buildSettings = {
				ALWAYS_SEARCH_USER_PATHS = NO;
				CLANG_CXX_LANGUAGE_STANDARD = "gnu++0x";
				CLANG_CXX_LIBRARY = "libc++";
				CLANG_ENABLE_MODULES = YES;
				CLANG_ENABLE_OBJC_ARC = YES;
				CLANG_WARN_BOOL_CONVERSION = YES;
				CLANG_WARN_CONSTANT_CONVERSION = YES;
				CLANG_WARN_DIRECT_OBJC_ISA_USAGE = YES_ERROR;
				CLANG_WARN_EMPTY_BODY = YES;
				CLANG_WARN_ENUM_CONVERSION = YES;
				CLANG_WARN_INT_CONVERSION = YES;
				CLANG_WARN_OBJC_ROOT_CLASS = YES_ERROR;
				CLANG_WARN_UNREACHABLE_CODE = YES;
				CLANG_WARN__DUPLICATE_METHOD_MATCH = YES;
				"CODE_SIGN_IDENTITY[sdk=iphoneos*]" = "iPhone Developer";
				COPY_PHASE_STRIP = NO;
				DEBUG_INFORMATION_FORMAT = "dwarf-with-dsym";
				ENABLE_STRICT_OBJC_MSGSEND = YES;
				GCC_C_LANGUAGE_STANDARD = gnu99;
				GCC_DYNAMIC_NO_PIC = NO;
				GCC_NO_COMMON_BLOCKS = YES;
				GCC_OPTIMIZATION_LEVEL = 0;
				GCC_PREPROCESSOR_DEFINITIONS = (
					"DEBUG=1",
					"$(inherited)",
				);
				GCC_SYMBOLS_PRIVATE_EXTERN = NO;
				GCC_WARN_64_TO_32_BIT_CONVERSION = YES;
				GCC_WARN_ABOUT_RETURN_TYPE = YES_ERROR;
				GCC_WARN_UNDECLARED_SELECTOR = YES;
				GCC_WARN_UNINITIALIZED_AUTOS = YES_AGGRESSIVE;
				GCC_WARN_UNUSED_FUNCTION = YES;
				GCC_WARN_UNUSED_VARIABLE = YES;
				IPHONEOS_DEPLOYMENT_TARGET = 8.4;
				MTL_ENABLE_DEBUG_INFO = YES;
				ONLY_ACTIVE_ARCH = YES;
				SDKROOT = iphoneos;
				TARGETED_DEVICE_FAMILY = "1,2";
			};
			name = Debug;
		};
		207F7B831BDF6028005B5F9B /* Release */ = {
			isa = XCBuildConfiguration;
			buildSettings = {
				ALWAYS_SEARCH_USER_PATHS = NO;
				CLANG_CXX_LANGUAGE_STANDARD = "gnu++0x";
				CLANG_CXX_LIBRARY = "libc++";
				CLANG_ENABLE_MODULES = YES;
				CLANG_ENABLE_OBJC_ARC = YES;
				CLANG_WARN_BOOL_CONVERSION = YES;
				CLANG_WARN_CONSTANT_CONVERSION = YES;
				CLANG_WARN_DIRECT_OBJC_ISA_USAGE = YES_ERROR;
				CLANG_WARN_EMPTY_BODY = YES;
				CLANG_WARN_ENUM_CONVERSION = YES;
				CLANG_WARN_INT_CONVERSION = YES;
				CLANG_WARN_OBJC_ROOT_CLASS = YES_ERROR;
				CLANG_WARN_UNREACHABLE_CODE = YES;
				CLANG_WARN__DUPLICATE_METHOD_MATCH = YES;
				"CODE_SIGN_IDENTITY[sdk=iphoneos*]" = "iPhone Developer";
				COPY_PHASE_STRIP = NO;
				DEBUG_INFORMATION_FORMAT = "dwarf-with-dsym";
				ENABLE_NS_ASSERTIONS = NO;
				ENABLE_STRICT_OBJC_MSGSEND = YES;
				GCC_C_LANGUAGE_STANDARD = gnu99;
				GCC_NO_COMMON_BLOCKS = YES;
				GCC_WARN_64_TO_32_BIT_CONVERSION = YES;
				GCC_WARN_ABOUT_RETURN_TYPE = YES_ERROR;
				GCC_WARN_UNDECLARED_SELECTOR = YES;
				GCC_WARN_UNINITIALIZED_AUTOS = YES_AGGRESSIVE;
				GCC_WARN_UNUSED_FUNCTION = YES;
				GCC_WARN_UNUSED_VARIABLE = YES;
				IPHONEOS_DEPLOYMENT_TARGET = 8.4;
				MTL_ENABLE_DEBUG_INFO = NO;
				SDKROOT = iphoneos;
				TARGETED_DEVICE_FAMILY = "1,2";
				VALIDATE_PRODUCT = YES;
			};
			name = Release;
		};
		207F7B851BDF6028005B5F9B /* Debug */ = {
			isa = XCBuildConfiguration;
			buildSettings = {
				ASSETCATALOG_COMPILER_APPICON_NAME = AppIcon;
				INFOPLIST_FILE = SearchDemo/Info.plist;
				LD_RUNPATH_SEARCH_PATHS = "$(inherited) @executable_path/Frameworks";
				PRODUCT_NAME = "$(TARGET_NAME)";
			};
			name = Debug;
		};
		207F7B861BDF6028005B5F9B /* Release */ = {
			isa = XCBuildConfiguration;
			buildSettings = {
				ASSETCATALOG_COMPILER_APPICON_NAME = AppIcon;
				INFOPLIST_FILE = SearchDemo/Info.plist;
				LD_RUNPATH_SEARCH_PATHS = "$(inherited) @executable_path/Frameworks";
				PRODUCT_NAME = "$(TARGET_NAME)";
			};
			name = Release;
		};
		207F7B881BDF6028005B5F9B /* Debug */ = {
			isa = XCBuildConfiguration;
			buildSettings = {
				BUNDLE_LOADER = "$(TEST_HOST)";
				FRAMEWORK_SEARCH_PATHS = (
					"$(SDKROOT)/Developer/Library/Frameworks",
					"$(inherited)",
				);
				GCC_PREPROCESSOR_DEFINITIONS = (
					"DEBUG=1",
					"$(inherited)",
				);
				INFOPLIST_FILE = SearchDemoTests/Info.plist;
				LD_RUNPATH_SEARCH_PATHS = "$(inherited) @executable_path/Frameworks @loader_path/Frameworks";
				PRODUCT_NAME = "$(TARGET_NAME)";
				TEST_HOST = "$(BUILT_PRODUCTS_DIR)/SearchDemo.app/SearchDemo";
			};
			name = Debug;
		};
		207F7B891BDF6028005B5F9B /* Release */ = {
			isa = XCBuildConfiguration;
			buildSettings = {
				BUNDLE_LOADER = "$(TEST_HOST)";
				FRAMEWORK_SEARCH_PATHS = (
					"$(SDKROOT)/Developer/Library/Frameworks",
					"$(inherited)",
				);
				INFOPLIST_FILE = SearchDemoTests/Info.plist;
				LD_RUNPATH_SEARCH_PATHS = "$(inherited) @executable_path/Frameworks @loader_path/Frameworks";
				PRODUCT_NAME = "$(TARGET_NAME)";
				TEST_HOST = "$(BUILT_PRODUCTS_DIR)/SearchDemo.app/SearchDemo";
			};
			name = Release;
		};
/* End XCBuildConfiguration section */

/* Begin XCConfigurationList section */
		207F7B5C1BDF6028005B5F9B /* Build configuration list for PBXProject "SearchDemo" */ = {
			isa = XCConfigurationList;
			buildConfigurations = (
				207F7B821BDF6028005B5F9B /* Debug */,
				207F7B831BDF6028005B5F9B /* Release */,
			);
			defaultConfigurationIsVisible = 0;
			defaultConfigurationName = Release;
		};
		207F7B841BDF6028005B5F9B /* Build configuration list for PBXNativeTarget "SearchDemo" */ = {
			isa = XCConfigurationList;
			buildConfigurations = (
				207F7B851BDF6028005B5F9B /* Debug */,
				207F7B861BDF6028005B5F9B /* Release */,
			);
			defaultConfigurationIsVisible = 0;
			defaultConfigurationName = Release;
		};
		207F7B871BDF6028005B5F9B /* Build configuration list for PBXNativeTarget "SearchDemoTests" */ = {
			isa = XCConfigurationList;
			buildConfigurations = (
				207F7B881BDF6028005B5F9B /* Debug */,
				207F7B891BDF6028005B5F9B /* Release */,
			);
			defaultConfigurationIsVisible = 0;
			defaultConfigurationName = Release;
		};
/* End XCConfigurationList section */
	};
	rootObject = 207F7B591BDF6028005B5F9B /* Project object */;
}
